
Microsoft Visual Studio Solution File, Format Version 12.00
# Visual Studio Version 16
VisualStudioVersion = 16.0.30907.101
MinimumVisualStudioVersion = 10.0.40219.1
Project("{FAE04EC0-301F-11D3-BF4B-00C04F79EFBC}") = "aulaTransacao", "aulaTransacao\aulaTransacao.csproj", "{099C312B-114B-4F7D-BA88-7F26A24CEDB9}"
EndProject
Global
	GlobalSection(SolutionConfigurationPlatforms) = preSolution
		Debug|Any CPU = Debug|Any CPU
		Release|Any CPU = Release|Any CPU
	EndGlobalSection
	GlobalSection(ProjectConfigurationPlatforms) = postSolution
		{099C312B-114B-4F7D-BA88-7F26A24CEDB9}.Debug|Any CPU.ActiveCfg = Debug|Any CPU
		{099C312B-114B-4F7D-BA88-7F26A24CEDB9}.Debug|Any CPU.Build.0 = Debug|Any CPU
		{099C312B-114B-4F7D-BA88-7F26A24CEDB9}.Release|Any CPU.ActiveCfg = Release|Any CPU
		{099C312B-114B-4F7D-BA88-7F26A24CEDB9}.Release|Any CPU.Build.0 = Release|Any CPU
	EndGlobalSection
	GlobalSection(SolutionProperties) = preSolution
		HideSolutionNode = FALSE
	EndGlobalSection
	GlobalSection(ExtensibilityGlobals) = postSolution
		SolutionGuid = {2DFD17EB-86C1-4F29-B1E6-FFCC931D90CA}
	EndGlobalSection
EndGlobal
